// !$*UTF8*$!
{
	archiveVersion = 1;
	classes = {
	};
	objectVersion = 55;
	objects = {

/* Begin PBXBuildFile section */
		10883D6F28328C0900441A23 /* PKIAPHandler.swift in Sources */ = {isa = PBXBuildFile; fileRef = AA3FCCB62799BB2300206A2D /* PKIAPHandler.swift */; };
		10883D7028328C0900441A23 /* ViewController.swift in Sources */ = {isa = PBXBuildFile; fileRef = AA3FCCA62799AC2900206A2D /* ViewController.swift */; };
		10883D7128328C0900441A23 /* AppDelegate.swift in Sources */ = {isa = PBXBuildFile; fileRef = AA3FCCA22799AC2900206A2D /* AppDelegate.swift */; };
		10883D7228328C0900441A23 /* SceneDelegate.swift in Sources */ = {isa = PBXBuildFile; fileRef = AA3FCCA42799AC2900206A2D /* SceneDelegate.swift */; };
		10883D7428328C0900441A23 /* StoreKit.framework in Frameworks */ = {isa = PBXBuildFile; fileRef = AA3FCCB92799C10300206A2D /* StoreKit.framework */; };
		10883D7528328C0900441A23 /* CallKit.framework in Frameworks */ = {isa = PBXBuildFile; fileRef = 10FF8CB727DA369C00B1215C /* CallKit.framework */; };
		10883D7728328C0900441A23 /* LaunchScreen.storyboard in Resources */ = {isa = PBXBuildFile; fileRef = AA3FCCAD2799AC2B00206A2D /* LaunchScreen.storyboard */; };
		10883D7828328C0900441A23 /* Assets.xcassets in Resources */ = {isa = PBXBuildFile; fileRef = AA3FCCAB2799AC2B00206A2D /* Assets.xcassets */; };
		10883D7928328C0900441A23 /* Main.storyboard in Resources */ = {isa = PBXBuildFile; fileRef = AA3FCCA82799AC2900206A2D /* Main.storyboard */; };
		10FF8CB827DA369C00B1215C /* CallKit.framework in Frameworks */ = {isa = PBXBuildFile; fileRef = 10FF8CB727DA369C00B1215C /* CallKit.framework */; };
		AA3FCCA32799AC2900206A2D /* AppDelegate.swift in Sources */ = {isa = PBXBuildFile; fileRef = AA3FCCA22799AC2900206A2D /* AppDelegate.swift */; };
		AA3FCCA52799AC2900206A2D /* SceneDelegate.swift in Sources */ = {isa = PBXBuildFile; fileRef = AA3FCCA42799AC2900206A2D /* SceneDelegate.swift */; };
		AA3FCCA72799AC2900206A2D /* ViewController.swift in Sources */ = {isa = PBXBuildFile; fileRef = AA3FCCA62799AC2900206A2D /* ViewController.swift */; };
		AA3FCCAA2799AC2900206A2D /* Main.storyboard in Resources */ = {isa = PBXBuildFile; fileRef = AA3FCCA82799AC2900206A2D /* Main.storyboard */; };
		AA3FCCAC2799AC2B00206A2D /* Assets.xcassets in Resources */ = {isa = PBXBuildFile; fileRef = AA3FCCAB2799AC2B00206A2D /* Assets.xcassets */; };
		AA3FCCAF2799AC2B00206A2D /* LaunchScreen.storyboard in Resources */ = {isa = PBXBuildFile; fileRef = AA3FCCAD2799AC2B00206A2D /* LaunchScreen.storyboard */; };
		AA3FCCB72799BB2300206A2D /* PKIAPHandler.swift in Sources */ = {isa = PBXBuildFile; fileRef = AA3FCCB62799BB2300206A2D /* PKIAPHandler.swift */; };
		AA3FCCBA2799C10300206A2D /* StoreKit.framework in Frameworks */ = {isa = PBXBuildFile; fileRef = AA3FCCB92799C10300206A2D /* StoreKit.framework */; };
/* End PBXBuildFile section */

/* Begin PBXFileReference section */
		10883D7D28328C0900441A23 /* InAppPurchaseDN_STG.app */ = {isa = PBXFileReference; explicitFileType = wrapper.application; includeInIndex = 0; path = InAppPurchaseDN_STG.app; sourceTree = BUILT_PRODUCTS_DIR; };
		10883D7E28328C0900441A23 /* InAppPurchaseDN copy-Info.plist */ = {isa = PBXFileReference; lastKnownFileType = text.plist.xml; name = "InAppPurchaseDN copy-Info.plist"; path = "/Users/datnguyenhuu/InAppPurchaseTest/InAppPurchaseDN copy-Info.plist"; sourceTree = "<absolute>"; };
		10FF8CB727DA369C00B1215C /* CallKit.framework */ = {isa = PBXFileReference; lastKnownFileType = wrapper.framework; name = CallKit.framework; path = System/Library/Frameworks/CallKit.framework; sourceTree = SDKROOT; };
		10FF8CB927DA377600B1215C /* InAppPurchaseDNDebug.entitlements */ = {isa = PBXFileReference; lastKnownFileType = text.plist.entitlements; path = InAppPurchaseDNDebug.entitlements; sourceTree = "<group>"; };
		10FF8CBA27DA3BB600B1215C /* InAppPurchaseDNRelease.entitlements */ = {isa = PBXFileReference; lastKnownFileType = text.plist.entitlements; path = InAppPurchaseDNRelease.entitlements; sourceTree = "<group>"; };
		AA3FCC9F2799AC2900206A2D /* InAppPurchaseDN.app */ = {isa = PBXFileReference; explicitFileType = wrapper.application; includeInIndex = 0; path = InAppPurchaseDN.app; sourceTree = BUILT_PRODUCTS_DIR; };
		AA3FCCA22799AC2900206A2D /* AppDelegate.swift */ = {isa = PBXFileReference; lastKnownFileType = sourcecode.swift; path = AppDelegate.swift; sourceTree = "<group>"; };
		AA3FCCA42799AC2900206A2D /* SceneDelegate.swift */ = {isa = PBXFileReference; lastKnownFileType = sourcecode.swift; path = SceneDelegate.swift; sourceTree = "<group>"; };
		AA3FCCA62799AC2900206A2D /* ViewController.swift */ = {isa = PBXFileReference; lastKnownFileType = sourcecode.swift; path = ViewController.swift; sourceTree = "<group>"; };
		AA3FCCA92799AC2900206A2D /* Base */ = {isa = PBXFileReference; lastKnownFileType = file.storyboard; name = Base; path = Base.lproj/Main.storyboard; sourceTree = "<group>"; };
		AA3FCCAB2799AC2B00206A2D /* Assets.xcassets */ = {isa = PBXFileReference; lastKnownFileType = folder.assetcatalog; path = Assets.xcassets; sourceTree = "<group>"; };
		AA3FCCAE2799AC2B00206A2D /* Base */ = {isa = PBXFileReference; lastKnownFileType = file.storyboard; name = Base; path = Base.lproj/LaunchScreen.storyboard; sourceTree = "<group>"; };
		AA3FCCB02799AC2B00206A2D /* Info.plist */ = {isa = PBXFileReference; lastKnownFileType = text.plist.xml; path = Info.plist; sourceTree = "<group>"; };
		AA3FCCB62799BB2300206A2D /* PKIAPHandler.swift */ = {isa = PBXFileReference; lastKnownFileType = sourcecode.swift; path = PKIAPHandler.swift; sourceTree = "<group>"; };
		AA3FCCB92799C10300206A2D /* StoreKit.framework */ = {isa = PBXFileReference; lastKnownFileType = wrapper.framework; name = StoreKit.framework; path = System/Library/Frameworks/StoreKit.framework; sourceTree = SDKROOT; };
/* End PBXFileReference section */

/* Begin PBXFrameworksBuildPhase section */
		10883D7328328C0900441A23 /* Frameworks */ = {
			isa = PBXFrameworksBuildPhase;
			buildActionMask = 2147483647;
			files = (
				10883D7428328C0900441A23 /* StoreKit.framework in Frameworks */,
				10883D7528328C0900441A23 /* CallKit.framework in Frameworks */,
			);
			runOnlyForDeploymentPostprocessing = 0;
		};
		AA3FCC9C2799AC2900206A2D /* Frameworks */ = {
			isa = PBXFrameworksBuildPhase;
			buildActionMask = 2147483647;
			files = (
				AA3FCCBA2799C10300206A2D /* StoreKit.framework in Frameworks */,
				10FF8CB827DA369C00B1215C /* CallKit.framework in Frameworks */,
			);
			runOnlyForDeploymentPostprocessing = 0;
		};
/* End PBXFrameworksBuildPhase section */

/* Begin PBXGroup section */
		AA3FCC962799AC2900206A2D = {
			isa = PBXGroup;
			children = (
				AA3FCCA12799AC2900206A2D /* InAppPurchaseDN */,
				AA3FCCA02799AC2900206A2D /* Products */,
				AA3FCCB82799C10300206A2D /* Frameworks */,
				10883D7E28328C0900441A23 /* InAppPurchaseDN copy-Info.plist */,
			);
			sourceTree = "<group>";
		};
		AA3FCCA02799AC2900206A2D /* Products */ = {
			isa = PBXGroup;
			children = (
				AA3FCC9F2799AC2900206A2D /* InAppPurchaseDN.app */,
				10883D7D28328C0900441A23 /* InAppPurchaseDN_STG.app */,
			);
			name = Products;
			sourceTree = "<group>";
		};
		AA3FCCA12799AC2900206A2D /* InAppPurchaseDN */ = {
			isa = PBXGroup;
			children = (
				10FF8CBA27DA3BB600B1215C /* InAppPurchaseDNRelease.entitlements */,
				10FF8CB927DA377600B1215C /* InAppPurchaseDNDebug.entitlements */,
				AA3FCCA22799AC2900206A2D /* AppDelegate.swift */,
				AA3FCCA42799AC2900206A2D /* SceneDelegate.swift */,
				AA3FCCA62799AC2900206A2D /* ViewController.swift */,
				AA3FCCB62799BB2300206A2D /* PKIAPHandler.swift */,
				AA3FCCA82799AC2900206A2D /* Main.storyboard */,
				AA3FCCAB2799AC2B00206A2D /* Assets.xcassets */,
				AA3FCCAD2799AC2B00206A2D /* LaunchScreen.storyboard */,
				AA3FCCB02799AC2B00206A2D /* Info.plist */,
			);
			path = InAppPurchaseDN;
			sourceTree = "<group>";
		};
		AA3FCCB82799C10300206A2D /* Frameworks */ = {
			isa = PBXGroup;
			children = (
				10FF8CB727DA369C00B1215C /* CallKit.framework */,
				AA3FCCB92799C10300206A2D /* StoreKit.framework */,
			);
			name = Frameworks;
			sourceTree = "<group>";
		};
/* End PBXGroup section */

/* Begin PBXNativeTarget section */
		10883D6D28328C0900441A23 /* InAppPurchaseDN_STG */ = {
			isa = PBXNativeTarget;
			buildConfigurationList = 10883D7A28328C0900441A23 /* Build configuration list for PBXNativeTarget "InAppPurchaseDN_STG" */;
			buildPhases = (
				10883D6E28328C0900441A23 /* Sources */,
				10883D7328328C0900441A23 /* Frameworks */,
				10883D7628328C0900441A23 /* Resources */,
			);
			buildRules = (
			);
			dependencies = (
			);
			name = InAppPurchaseDN_STG;
			productName = InAppPurchaseDN;
			productReference = 10883D7D28328C0900441A23 /* InAppPurchaseDN_STG.app */;
			productType = "com.apple.product-type.application";
		};
		AA3FCC9E2799AC2900206A2D /* InAppPurchaseDN */ = {
			isa = PBXNativeTarget;
			buildConfigurationList = AA3FCCB32799AC2B00206A2D /* Build configuration list for PBXNativeTarget "InAppPurchaseDN" */;
			buildPhases = (
				AA3FCC9B2799AC2900206A2D /* Sources */,
				AA3FCC9C2799AC2900206A2D /* Frameworks */,
				AA3FCC9D2799AC2900206A2D /* Resources */,
			);
			buildRules = (
			);
			dependencies = (
			);
			name = InAppPurchaseDN;
			productName = InAppPurchaseDN;
			productReference = AA3FCC9F2799AC2900206A2D /* InAppPurchaseDN.app */;
			productType = "com.apple.product-type.application";
		};
/* End PBXNativeTarget section */

/* Begin PBXProject section */
		AA3FCC972799AC2900206A2D /* Project object */ = {
			isa = PBXProject;
			attributes = {
				BuildIndependentTargetsInParallel = 1;
				LastSwiftUpdateCheck = 1310;
				LastUpgradeCheck = 1310;
				TargetAttributes = {
					AA3FCC9E2799AC2900206A2D = {
						CreatedOnToolsVersion = 13.1;
					};
				};
			};
			buildConfigurationList = AA3FCC9A2799AC2900206A2D /* Build configuration list for PBXProject "InAppPurchaseDN" */;
			compatibilityVersion = "Xcode 13.0";
			developmentRegion = en;
			hasScannedForEncodings = 0;
			knownRegions = (
				en,
				Base,
			);
			mainGroup = AA3FCC962799AC2900206A2D;
			productRefGroup = AA3FCCA02799AC2900206A2D /* Products */;
			projectDirPath = "";
			projectRoot = "";
			targets = (
				AA3FCC9E2799AC2900206A2D /* InAppPurchaseDN */,
				10883D6D28328C0900441A23 /* InAppPurchaseDN_STG */,
			);
		};
/* End PBXProject section */

/* Begin PBXResourcesBuildPhase section */
		10883D7628328C0900441A23 /* Resources */ = {
			isa = PBXResourcesBuildPhase;
			buildActionMask = 2147483647;
			files = (
				10883D7728328C0900441A23 /* LaunchScreen.storyboard in Resources */,
				10883D7828328C0900441A23 /* Assets.xcassets in Resources */,
				10883D7928328C0900441A23 /* Main.storyboard in Resources */,
			);
			runOnlyForDeploymentPostprocessing = 0;
		};
		AA3FCC9D2799AC2900206A2D /* Resources */ = {
			isa = PBXResourcesBuildPhase;
			buildActionMask = 2147483647;
			files = (
				AA3FCCAF2799AC2B00206A2D /* LaunchScreen.storyboard in Resources */,
				AA3FCCAC2799AC2B00206A2D /* Assets.xcassets in Resources */,
				AA3FCCAA2799AC2900206A2D /* Main.storyboard in Resources */,
			);
			runOnlyForDeploymentPostprocessing = 0;
		};
/* End PBXResourcesBuildPhase section */

/* Begin PBXSourcesBuildPhase section */
		10883D6E28328C0900441A23 /* Sources */ = {
			isa = PBXSourcesBuildPhase;
			buildActionMask = 2147483647;
			files = (
				10883D6F28328C0900441A23 /* PKIAPHandler.swift in Sources */,
				10883D7028328C0900441A23 /* ViewController.swift in Sources */,
				10883D7128328C0900441A23 /* AppDelegate.swift in Sources */,
				10883D7228328C0900441A23 /* SceneDelegate.swift in Sources */,
			);
			runOnlyForDeploymentPostprocessing = 0;
		};
		AA3FCC9B2799AC2900206A2D /* Sources */ = {
			isa = PBXSourcesBuildPhase;
			buildActionMask = 2147483647;
			files = (
				AA3FCCB72799BB2300206A2D /* PKIAPHandler.swift in Sources */,
				AA3FCCA72799AC2900206A2D /* ViewController.swift in Sources */,
				AA3FCCA32799AC2900206A2D /* AppDelegate.swift in Sources */,
				AA3FCCA52799AC2900206A2D /* SceneDelegate.swift in Sources */,
			);
			runOnlyForDeploymentPostprocessing = 0;
		};
/* End PBXSourcesBuildPhase section */

/* Begin PBXVariantGroup section */
		AA3FCCA82799AC2900206A2D /* Main.storyboard */ = {
			isa = PBXVariantGroup;
			children = (
				AA3FCCA92799AC2900206A2D /* Base */,
			);
			name = Main.storyboard;
			sourceTree = "<group>";
		};
		AA3FCCAD2799AC2B00206A2D /* LaunchScreen.storyboard */ = {
			isa = PBXVariantGroup;
			children = (
				AA3FCCAE2799AC2B00206A2D /* Base */,
			);
			name = LaunchScreen.storyboard;
			sourceTree = "<group>";
		};
/* End PBXVariantGroup section */

/* Begin XCBuildConfiguration section */
		10883D7B28328C0900441A23 /* Debug */ = {
			isa = XCBuildConfiguration;
			buildSettings = {
				ASSETCATALOG_COMPILER_APPICON_NAME = AppIcon;
				ASSETCATALOG_COMPILER_GLOBAL_ACCENT_COLOR_NAME = AccentColor;
				CODE_SIGN_ENTITLEMENTS = InAppPurchaseDN/InAppPurchaseDNDebug.entitlements;
				CODE_SIGN_IDENTITY = "Apple Development";
				CODE_SIGN_STYLE = Automatic;
				CURRENT_PROJECT_VERSION = 1;
				DEVELOPMENT_TEAM = 6V2NPA2JVB;
				GENERATE_INFOPLIST_FILE = YES;
				INFOPLIST_FILE = "InAppPurchaseDN copy-Info.plist";
				INFOPLIST_KEY_CFBundleDisplayName = IAP_STG;
				INFOPLIST_KEY_UIApplicationSupportsIndirectInputEvents = YES;
				INFOPLIST_KEY_UILaunchStoryboardName = LaunchScreen;
				INFOPLIST_KEY_UIMainStoryboardFile = Main;
				INFOPLIST_KEY_UISupportedInterfaceOrientations_iPad = "UIInterfaceOrientationPortrait UIInterfaceOrientationPortraitUpsideDown UIInterfaceOrientationLandscapeLeft UIInterfaceOrientationLandscapeRight";
				INFOPLIST_KEY_UISupportedInterfaceOrientations_iPhone = "UIInterfaceOrientationPortrait UIInterfaceOrientationLandscapeLeft UIInterfaceOrientationLandscapeRight";
				LD_RUNPATH_SEARCH_PATHS = (
					"$(inherited)",
					"@executable_path/Frameworks",
				);
				MARKETING_VERSION = 1.0;
				PRODUCT_BUNDLE_IDENTIFIER = iAP.STG.DATNGUYEN.DEV;
				PRODUCT_NAME = "$(TARGET_NAME)";
				PROVISIONING_PROFILE_SPECIFIER = "";
				SWIFT_EMIT_LOC_STRINGS = YES;
				SWIFT_VERSION = 5.0;
				TARGETED_DEVICE_FAMILY = "1,2";
			};
			name = Debug;
		};
		10883D7C28328C0900441A23 /* Release */ = {
			isa = XCBuildConfiguration;
			buildSettings = {
				ASSETCATALOG_COMPILER_APPICON_NAME = AppIcon;
				ASSETCATALOG_COMPILER_GLOBAL_ACCENT_COLOR_NAME = AccentColor;
				CODE_SIGN_ENTITLEMENTS = InAppPurchaseDN/InAppPurchaseDNRelease.entitlements;
				CODE_SIGN_IDENTITY = "iPhone Distribution";
				CODE_SIGN_STYLE = Manual;
				CURRENT_PROJECT_VERSION = 1;
				DEVELOPMENT_TEAM = 6V2NPA2JVB;
				GENERATE_INFOPLIST_FILE = YES;
				INFOPLIST_FILE = "InAppPurchaseDN copy-Info.plist";
				INFOPLIST_KEY_CFBundleDisplayName = IAP_STG;
				INFOPLIST_KEY_UIApplicationSupportsIndirectInputEvents = YES;
				INFOPLIST_KEY_UILaunchStoryboardName = LaunchScreen;
				INFOPLIST_KEY_UIMainStoryboardFile = Main;
				INFOPLIST_KEY_UISupportedInterfaceOrientations_iPad = "UIInterfaceOrientationPortrait UIInterfaceOrientationPortraitUpsideDown UIInterfaceOrientationLandscapeLeft UIInterfaceOrientationLandscapeRight";
				INFOPLIST_KEY_UISupportedInterfaceOrientations_iPhone = "UIInterfaceOrientationPortrait UIInterfaceOrientationLandscapeLeft UIInterfaceOrientationLandscapeRight";
				LD_RUNPATH_SEARCH_PATHS = (
					"$(inherited)",
					"@executable_path/Frameworks",
				);
				MARKETING_VERSION = 1.0;
				PRODUCT_BUNDLE_IDENTIFIER = inapppurchasetest.datnguyen.com.InAppPurchaseDN;
				PRODUCT_NAME = "$(TARGET_NAME)";
				PROVISIONING_PROFILE_SPECIFIER = Dis_Pro;
				SWIFT_EMIT_LOC_STRINGS = YES;
				SWIFT_VERSION = 5.0;
				TARGETED_DEVICE_FAMILY = "1,2";
			};
			name = Release;
		};
		AA3FCCB12799AC2B00206A2D /* Debug */ = {
			isa = XCBuildConfiguration;
			buildSettings = {
				ALWAYS_SEARCH_USER_PATHS = NO;
				CLANG_ANALYZER_NONNULL = YES;
				CLANG_ANALYZER_NUMBER_OBJECT_CONVERSION = YES_AGGRESSIVE;
				CLANG_CXX_LANGUAGE_STANDARD = "gnu++17";
				CLANG_CXX_LIBRARY = "libc++";
				CLANG_ENABLE_MODULES = YES;
				CLANG_ENABLE_OBJC_ARC = YES;
				CLANG_ENABLE_OBJC_WEAK = YES;
				CLANG_WARN_BLOCK_CAPTURE_AUTORELEASING = YES;
				CLANG_WARN_BOOL_CONVERSION = YES;
				CLANG_WARN_COMMA = YES;
				CLANG_WARN_CONSTANT_CONVERSION = YES;
				CLANG_WARN_DEPRECATED_OBJC_IMPLEMENTATIONS = YES;
				CLANG_WARN_DIRECT_OBJC_ISA_USAGE = YES_ERROR;
				CLANG_WARN_DOCUMENTATION_COMMENTS = YES;
				CLANG_WARN_EMPTY_BODY = YES;
				CLANG_WARN_ENUM_CONVERSION = YES;
				CLANG_WARN_INFINITE_RECURSION = YES;
				CLANG_WARN_INT_CONVERSION = YES;
				CLANG_WARN_NON_LITERAL_NULL_CONVERSION = YES;
				CLANG_WARN_OBJC_IMPLICIT_RETAIN_SELF = YES;
				CLANG_WARN_OBJC_LITERAL_CONVERSION = YES;
				CLANG_WARN_OBJC_ROOT_CLASS = YES_ERROR;
				CLANG_WARN_QUOTED_INCLUDE_IN_FRAMEWORK_HEADER = YES;
				CLANG_WARN_RANGE_LOOP_ANALYSIS = YES;
				CLANG_WARN_STRICT_PROTOTYPES = YES;
				CLANG_WARN_SUSPICIOUS_MOVE = YES;
				CLANG_WARN_UNGUARDED_AVAILABILITY = YES_AGGRESSIVE;
				CLANG_WARN_UNREACHABLE_CODE = YES;
				CLANG_WARN__DUPLICATE_METHOD_MATCH = YES;
				COPY_PHASE_STRIP = NO;
				DEBUG_INFORMATION_FORMAT = dwarf;
				ENABLE_STRICT_OBJC_MSGSEND = YES;
				ENABLE_TESTABILITY = YES;
				GCC_C_LANGUAGE_STANDARD = gnu11;
				GCC_DYNAMIC_NO_PIC = NO;
				GCC_NO_COMMON_BLOCKS = YES;
				GCC_OPTIMIZATION_LEVEL = 0;
				GCC_PREPROCESSOR_DEFINITIONS = (
					"DEBUG=1",
					"$(inherited)",
				);
				GCC_WARN_64_TO_32_BIT_CONVERSION = YES;
				GCC_WARN_ABOUT_RETURN_TYPE = YES_ERROR;
				GCC_WARN_UNDECLARED_SELECTOR = YES;
				GCC_WARN_UNINITIALIZED_AUTOS = YES_AGGRESSIVE;
				GCC_WARN_UNUSED_FUNCTION = YES;
				GCC_WARN_UNUSED_VARIABLE = YES;
				IPHONEOS_DEPLOYMENT_TARGET = 15.0;
				MTL_ENABLE_DEBUG_INFO = INCLUDE_SOURCE;
				MTL_FAST_MATH = YES;
				ONLY_ACTIVE_ARCH = YES;
				SDKROOT = iphoneos;
				SWIFT_ACTIVE_COMPILATION_CONDITIONS = DEBUG;
				SWIFT_OPTIMIZATION_LEVEL = "-Onone";
			};
			name = Debug;
		};
		AA3FCCB22799AC2B00206A2D /* Release */ = {
			isa = XCBuildConfiguration;
			buildSettings = {
				ALWAYS_SEARCH_USER_PATHS = NO;
				CLANG_ANALYZER_NONNULL = YES;
				CLANG_ANALYZER_NUMBER_OBJECT_CONVERSION = YES_AGGRESSIVE;
				CLANG_CXX_LANGUAGE_STANDARD = "gnu++17";
				CLANG_CXX_LIBRARY = "libc++";
				CLANG_ENABLE_MODULES = YES;
				CLANG_ENABLE_OBJC_ARC = YES;
				CLANG_ENABLE_OBJC_WEAK = YES;
				CLANG_WARN_BLOCK_CAPTURE_AUTORELEASING = YES;
				CLANG_WARN_BOOL_CONVERSION = YES;
				CLANG_WARN_COMMA = YES;
				CLANG_WARN_CONSTANT_CONVERSION = YES;
				CLANG_WARN_DEPRECATED_OBJC_IMPLEMENTATIONS = YES;
				CLANG_WARN_DIRECT_OBJC_ISA_USAGE = YES_ERROR;
				CLANG_WARN_DOCUMENTATION_COMMENTS = YES;
				CLANG_WARN_EMPTY_BODY = YES;
				CLANG_WARN_ENUM_CONVERSION = YES;
				CLANG_WARN_INFINITE_RECURSION = YES;
				CLANG_WARN_INT_CONVERSION = YES;
				CLANG_WARN_NON_LITERAL_NULL_CONVERSION = YES;
				CLANG_WARN_OBJC_IMPLICIT_RETAIN_SELF = YES;
				CLANG_WARN_OBJC_LITERAL_CONVERSION = YES;
				CLANG_WARN_OBJC_ROOT_CLASS = YES_ERROR;
				CLANG_WARN_QUOTED_INCLUDE_IN_FRAMEWORK_HEADER = YES;
				CLANG_WARN_RANGE_LOOP_ANALYSIS = YES;
				CLANG_WARN_STRICT_PROTOTYPES = YES;
				CLANG_WARN_SUSPICIOUS_MOVE = YES;
				CLANG_WARN_UNGUARDED_AVAILABILITY = YES_AGGRESSIVE;
				CLANG_WARN_UNREACHABLE_CODE = YES;
				CLANG_WARN__DUPLICATE_METHOD_MATCH = YES;
				COPY_PHASE_STRIP = NO;
				DEBUG_INFORMATION_FORMAT = "dwarf-with-dsym";
				ENABLE_NS_ASSERTIONS = NO;
				ENABLE_STRICT_OBJC_MSGSEND = YES;
				GCC_C_LANGUAGE_STANDARD = gnu11;
				GCC_NO_COMMON_BLOCKS = YES;
				GCC_WARN_64_TO_32_BIT_CONVERSION = YES;
				GCC_WARN_ABOUT_RETURN_TYPE = YES_ERROR;
				GCC_WARN_UNDECLARED_SELECTOR = YES;
				GCC_WARN_UNINITIALIZED_AUTOS = YES_AGGRESSIVE;
				GCC_WARN_UNUSED_FUNCTION = YES;
				GCC_WARN_UNUSED_VARIABLE = YES;
				IPHONEOS_DEPLOYMENT_TARGET = 15.0;
				MTL_ENABLE_DEBUG_INFO = NO;
				MTL_FAST_MATH = YES;
				SDKROOT = iphoneos;
				SWIFT_COMPILATION_MODE = wholemodule;
				SWIFT_OPTIMIZATION_LEVEL = "-O";
				VALIDATE_PRODUCT = YES;
			};
			name = Release;
		};
		AA3FCCB42799AC2B00206A2D /* Debug */ = {
			isa = XCBuildConfiguration;
			buildSettings = {
				ASSETCATALOG_COMPILER_APPICON_NAME = AppIcon;
				ASSETCATALOG_COMPILER_GLOBAL_ACCENT_COLOR_NAME = AccentColor;
				CODE_SIGN_ENTITLEMENTS = InAppPurchaseDN/InAppPurchaseDNDebug.entitlements;
				CODE_SIGN_IDENTITY = "Apple Development";
				CODE_SIGN_STYLE = Automatic;
				CURRENT_PROJECT_VERSION = 1;
				DEVELOPMENT_TEAM = 6V2NPA2JVB;
				GENERATE_INFOPLIST_FILE = YES;
				INFOPLIST_FILE = InAppPurchaseDN/Info.plist;
				INFOPLIST_KEY_UIApplicationSupportsIndirectInputEvents = YES;
				INFOPLIST_KEY_UILaunchStoryboardName = LaunchScreen;
				INFOPLIST_KEY_UIMainStoryboardFile = Main;
				INFOPLIST_KEY_UISupportedInterfaceOrientations_iPad = "UIInterfaceOrientationPortrait UIInterfaceOrientationPortraitUpsideDown UIInterfaceOrientationLandscapeLeft UIInterfaceOrientationLandscapeRight";
				INFOPLIST_KEY_UISupportedInterfaceOrientations_iPhone = "UIInterfaceOrientationPortrait UIInterfaceOrientationLandscapeLeft UIInterfaceOrientationLandscapeRight";
				LD_RUNPATH_SEARCH_PATHS = (
					"$(inherited)",
					"@executable_path/Frameworks",
				);
				MARKETING_VERSION = 1.0;
				PRODUCT_BUNDLE_IDENTIFIER = inapppurchasetest.datnguyen.com.InAppPurchaseDN;
				PRODUCT_NAME = "$(TARGET_NAME)";
				PROVISIONING_PROFILE_SPECIFIER = "";
				SWIFT_EMIT_LOC_STRINGS = YES;
				SWIFT_VERSION = 5.0;
				TARGETED_DEVICE_FAMILY = "1,2";
			};
			name = Debug;
		};
		AA3FCCB52799AC2B00206A2D /* Release */ = {
			isa = XCBuildConfiguration;
			buildSettings = {
				ASSETCATALOG_COMPILER_APPICON_NAME = AppIcon;
				ASSETCATALOG_COMPILER_GLOBAL_ACCENT_COLOR_NAME = AccentColor;
				CODE_SIGN_ENTITLEMENTS = InAppPurchaseDN/InAppPurchaseDNRelease.entitlements;
				CODE_SIGN_IDENTITY = "iPhone Distribution";
				CODE_SIGN_STYLE = Manual;
				CURRENT_PROJECT_VERSION = 1;
				DEVELOPMENT_TEAM = 6V2NPA2JVB;
				GENERATE_INFOPLIST_FILE = YES;
				INFOPLIST_FILE = InAppPurchaseDN/Info.plist;
				INFOPLIST_KEY_UIApplicationSupportsIndirectInputEvents = YES;
				INFOPLIST_KEY_UILaunchStoryboardName = LaunchScreen;
				INFOPLIST_KEY_UIMainStoryboardFile = Main;
				INFOPLIST_KEY_UISupportedInterfaceOrientations_iPad = "UIInterfaceOrientationPortrait UIInterfaceOrientationPortraitUpsideDown UIInterfaceOrientationLandscapeLeft UIInterfaceOrientationLandscapeRight";
				INFOPLIST_KEY_UISupportedInterfaceOrientations_iPhone = "UIInterfaceOrientationPortrait UIInterfaceOrientationLandscapeLeft UIInterfaceOrientationLandscapeRight";
				LD_RUNPATH_SEARCH_PATHS = (
					"$(inherited)",
					"@executable_path/Frameworks",
				);
				MARKETING_VERSION = 1.0;
				PRODUCT_BUNDLE_IDENTIFIER = inapppurchasetest.datnguyen.com.InAppPurchaseDN;
				PRODUCT_NAME = "$(TARGET_NAME)";
				PROVISIONING_PROFILE_SPECIFIER = Dis_Pro;
				SWIFT_EMIT_LOC_STRINGS = YES;
				SWIFT_VERSION = 5.0;
				TARGETED_DEVICE_FAMILY = "1,2";
			};
			name = Release;
		};
/* End XCBuildConfiguration section */

/* Begin XCConfigurationList section */
		10883D7A28328C0900441A23 /* Build configuration list for PBXNativeTarget "InAppPurchaseDN_STG" */ = {
			isa = XCConfigurationList;
			buildConfigurations = (
				10883D7B28328C0900441A23 /* Debug */,
				10883D7C28328C0900441A23 /* Release */,
			);
			defaultConfigurationIsVisible = 0;
			defaultConfigurationName = Release;
		};
		AA3FCC9A2799AC2900206A2D /* Build configuration list for PBXProject "InAppPurchaseDN" */ = {
			isa = XCConfigurationList;
			buildConfigurations = (
				AA3FCCB12799AC2B00206A2D /* Debug */,
				AA3FCCB22799AC2B00206A2D /* Release */,
			);
			defaultConfigurationIsVisible = 0;
			defaultConfigurationName = Release;
		};
		AA3FCCB32799AC2B00206A2D /* Build configuration list for PBXNativeTarget "InAppPurchaseDN" */ = {
			isa = XCConfigurationList;
			buildConfigurations = (
				AA3FCCB42799AC2B00206A2D /* Debug */,
				AA3FCCB52799AC2B00206A2D /* Release */,
			);
			defaultConfigurationIsVisible = 0;
			defaultConfigurationName = Release;
		};
/* End XCConfigurationList section */
	};
	rootObject = AA3FCC972799AC2900206A2D /* Project object */;
}
